
Microsoft Visual Studio Solution File, Format Version 12.00
# Visual Studio Version 16
VisualStudioVersion = 16.0.32802.440
MinimumVisualStudioVersion = 10.0.40219.1
Project("{FAE04EC0-301F-11D3-BF4B-00C04F79EFBC}") = "UserCreatorAuth", "UserCreatorAuth\UserCreatorAuth.csproj", "{EA525E56-61F8-4B66-BB43-5A47323F4895}"
EndProject
Global
	GlobalSection(SolutionConfigurationPlatforms) = preSolution
		Debug|Any CPU = Debug|Any CPU
		Release|Any CPU = Release|Any CPU
	EndGlobalSection
	GlobalSection(ProjectConfigurationPlatforms) = postSolution
		{EA525E56-61F8-4B66-BB43-5A47323F4895}.Debug|Any CPU.ActiveCfg = Debug|Any CPU
		{EA525E56-61F8-4B66-BB43-5A47323F4895}.Debug|Any CPU.Build.0 = Debug|Any CPU
		{EA525E56-61F8-4B66-BB43-5A47323F4895}.Release|Any CPU.ActiveCfg = Release|Any CPU
		{EA525E56-61F8-4B66-BB43-5A47323F4895}.Release|Any CPU.Build.0 = Release|Any CPU
	EndGlobalSection
	GlobalSection(SolutionProperties) = preSolution
		HideSolutionNode = FALSE
	EndGlobalSection
	GlobalSection(ExtensibilityGlobals) = postSolution
		SolutionGuid = {C13F4A6B-785D-4DF9-8AB3-E9BD7E254B7C}
	EndGlobalSection
EndGlobal
